// !$*UTF8*$!
{
	archiveVersion = 1;
	classes = {
	};
	objectVersion = 50;
	objects = {

/* Begin PBXBuildFile section */
		DF283E5926F3932100AC977B /* AppDelegate.swift in Sources */ = {isa = PBXBuildFile; fileRef = DF283E5826F3932100AC977B /* AppDelegate.swift */; };
		DF283E5B26F3932100AC977B /* SceneDelegate.swift in Sources */ = {isa = PBXBuildFile; fileRef = DF283E5A26F3932100AC977B /* SceneDelegate.swift */; };
		DF283E5D26F3932100AC977B /* ViewController.swift in Sources */ = {isa = PBXBuildFile; fileRef = DF283E5C26F3932100AC977B /* ViewController.swift */; };
		DF283E6026F3932100AC977B /* Main.storyboard in Resources */ = {isa = PBXBuildFile; fileRef = DF283E5E26F3932100AC977B /* Main.storyboard */; };
		DF283E6226F3932200AC977B /* Assets.xcassets in Resources */ = {isa = PBXBuildFile; fileRef = DF283E6126F3932200AC977B /* Assets.xcassets */; };
		DF283E6526F3932300AC977B /* LaunchScreen.storyboard in Resources */ = {isa = PBXBuildFile; fileRef = DF283E6326F3932300AC977B /* LaunchScreen.storyboard */; };
		DF283E6D26F3998D00AC977B /* Player.swift in Sources */ = {isa = PBXBuildFile; fileRef = DF283E6C26F3998D00AC977B /* Player.swift */; };
/* End PBXBuildFile section */

/* Begin PBXFileReference section */
		DF283E5526F3932100AC977B /* MultiSceneWithUserDefaultTest.app */ = {isa = PBXFileReference; explicitFileType = wrapper.application; includeInIndex = 0; path = MultiSceneWithUserDefaultTest.app; sourceTree = BUILT_PRODUCTS_DIR; };
		DF283E5826F3932100AC977B /* AppDelegate.swift */ = {isa = PBXFileReference; lastKnownFileType = sourcecode.swift; path = AppDelegate.swift; sourceTree = "<group>"; };
		DF283E5A26F3932100AC977B /* SceneDelegate.swift */ = {isa = PBXFileReference; lastKnownFileType = sourcecode.swift; path = SceneDelegate.swift; sourceTree = "<group>"; };
		DF283E5C26F3932100AC977B /* ViewController.swift */ = {isa = PBXFileReference; lastKnownFileType = sourcecode.swift; path = ViewController.swift; sourceTree = "<group>"; };
		DF283E5F26F3932100AC977B /* Base */ = {isa = PBXFileReference; lastKnownFileType = file.storyboard; name = Base; path = Base.lproj/Main.storyboard; sourceTree = "<group>"; };
		DF283E6126F3932200AC977B /* Assets.xcassets */ = {isa = PBXFileReference; lastKnownFileType = folder.assetcatalog; path = Assets.xcassets; sourceTree = "<group>"; };
		DF283E6426F3932300AC977B /* Base */ = {isa = PBXFileReference; lastKnownFileType = file.storyboard; name = Base; path = Base.lproj/LaunchScreen.storyboard; sourceTree = "<group>"; };
		DF283E6626F3932300AC977B /* Info.plist */ = {isa = PBXFileReference; lastKnownFileType = text.plist.xml; path = Info.plist; sourceTree = "<group>"; };
		DF283E6C26F3998D00AC977B /* Player.swift */ = {isa = PBXFileReference; lastKnownFileType = sourcecode.swift; path = Player.swift; sourceTree = "<group>"; };
/* End PBXFileReference section */

/* Begin PBXFrameworksBuildPhase section */
		DF283E5226F3932100AC977B /* Frameworks */ = {
			isa = PBXFrameworksBuildPhase;
			buildActionMask = 2147483647;
			files = (
			);
			runOnlyForDeploymentPostprocessing = 0;
		};
/* End PBXFrameworksBuildPhase section */

/* Begin PBXGroup section */
		DF283E4C26F3932100AC977B = {
			isa = PBXGroup;
			children = (
				DF283E5726F3932100AC977B /* MultiSceneWithUserDefaultTest */,
				DF283E5626F3932100AC977B /* Products */,
			);
			sourceTree = "<group>";
		};
		DF283E5626F3932100AC977B /* Products */ = {
			isa = PBXGroup;
			children = (
				DF283E5526F3932100AC977B /* MultiSceneWithUserDefaultTest.app */,
			);
			name = Products;
			sourceTree = "<group>";
		};
		DF283E5726F3932100AC977B /* MultiSceneWithUserDefaultTest */ = {
			isa = PBXGroup;
			children = (
				DF283E5826F3932100AC977B /* AppDelegate.swift */,
				DF283E5A26F3932100AC977B /* SceneDelegate.swift */,
				DF283E6C26F3998D00AC977B /* Player.swift */,
				DF283E5C26F3932100AC977B /* ViewController.swift */,
				DF283E5E26F3932100AC977B /* Main.storyboard */,
				DF283E6126F3932200AC977B /* Assets.xcassets */,
				DF283E6326F3932300AC977B /* LaunchScreen.storyboard */,
				DF283E6626F3932300AC977B /* Info.plist */,
			);
			path = MultiSceneWithUserDefaultTest;
			sourceTree = "<group>";
		};
/* End PBXGroup section */

/* Begin PBXNativeTarget section */
		DF283E5426F3932100AC977B /* MultiSceneWithUserDefaultTest */ = {
			isa = PBXNativeTarget;
			buildConfigurationList = DF283E6926F3932300AC977B /* Build configuration list for PBXNativeTarget "MultiSceneWithUserDefaultTest" */;
			buildPhases = (
				DF283E5126F3932100AC977B /* Sources */,
				DF283E5226F3932100AC977B /* Frameworks */,
				DF283E5326F3932100AC977B /* Resources */,
			);
			buildRules = (
			);
			dependencies = (
			);
			name = MultiSceneWithUserDefaultTest;
			productName = MultiSceneWithUserDefaultTest;
			productReference = DF283E5526F3932100AC977B /* MultiSceneWithUserDefaultTest.app */;
			productType = "com.apple.product-type.application";
		};
/* End PBXNativeTarget section */

/* Begin PBXProject section */
		DF283E4D26F3932100AC977B /* Project object */ = {
			isa = PBXProject;
			attributes = {
				LastSwiftUpdateCheck = 1250;
				LastUpgradeCheck = 1250;
				TargetAttributes = {
					DF283E5426F3932100AC977B = {
						CreatedOnToolsVersion = 12.5.1;
					};
				};
			};
			buildConfigurationList = DF283E5026F3932100AC977B /* Build configuration list for PBXProject "MultiSceneWithUserDefaultTest" */;
			compatibilityVersion = "Xcode 9.3";
			developmentRegion = en;
			hasScannedForEncodings = 0;
			knownRegions = (
				en,
				Base,
			);
			mainGroup = DF283E4C26F3932100AC977B;
			productRefGroup = DF283E5626F3932100AC977B /* Products */;
			projectDirPath = "";
			projectRoot = "";
			targets = (
				DF283E5426F3932100AC977B /* MultiSceneWithUserDefaultTest */,
			);
		};
/* End PBXProject section */

/* Begin PBXResourcesBuildPhase section */
		DF283E5326F3932100AC977B /* Resources */ = {
			isa = PBXResourcesBuildPhase;
			buildActionMask = 2147483647;
			files = (
				DF283E6526F3932300AC977B /* LaunchScreen.storyboard in Resources */,
				DF283E6226F3932200AC977B /* Assets.xcassets in Resources */,
				DF283E6026F3932100AC977B /* Main.storyboard in Resources */,
			);
			runOnlyForDeploymentPostprocessing = 0;
		};
/* End PBXResourcesBuildPhase section */

/* Begin PBXSourcesBuildPhase section */
		DF283E5126F3932100AC977B /* Sources */ = {
			isa = PBXSourcesBuildPhase;
			buildActionMask = 2147483647;
			files = (
				DF283E6D26F3998D00AC977B /* Player.swift in Sources */,
				DF283E5D26F3932100AC977B /* ViewController.swift in Sources */,
				DF283E5926F3932100AC977B /* AppDelegate.swift in Sources */,
				DF283E5B26F3932100AC977B /* SceneDelegate.swift in Sources */,
			);
			runOnlyForDeploymentPostprocessing = 0;
		};
/* End PBXSourcesBuildPhase section */

/* Begin PBXVariantGroup section */
		DF283E5E26F3932100AC977B /* Main.storyboard */ = {
			isa = PBXVariantGroup;
			children = (
				DF283E5F26F3932100AC977B /* Base */,
			);
			name = Main.storyboard;
			sourceTree = "<group>";
		};
		DF283E6326F3932300AC977B /* LaunchScreen.storyboard */ = {
			isa = PBXVariantGroup;
			children = (
				DF283E6426F3932300AC977B /* Base */,
			);
			name = LaunchScreen.storyboard;
			sourceTree = "<group>";
		};
/* End PBXVariantGroup section */

/* Begin XCBuildConfiguration section */
		DF283E6726F3932300AC977B /* Debug */ = {
			isa = XCBuildConfiguration;
			buildSettings = {
				ALWAYS_SEARCH_USER_PATHS = NO;
				CLANG_ANALYZER_NONNULL = YES;
				CLANG_ANALYZER_NUMBER_OBJECT_CONVERSION = YES_AGGRESSIVE;
				CLANG_CXX_LANGUAGE_STANDARD = "gnu++14";
				CLANG_CXX_LIBRARY = "libc++";
				CLANG_ENABLE_MODULES = YES;
				CLANG_ENABLE_OBJC_ARC = YES;
				CLANG_ENABLE_OBJC_WEAK = YES;
				CLANG_WARN_BLOCK_CAPTURE_AUTORELEASING = YES;
				CLANG_WARN_BOOL_CONVERSION = YES;
				CLANG_WARN_COMMA = YES;
				CLANG_WARN_CONSTANT_CONVERSION = YES;
				CLANG_WARN_DEPRECATED_OBJC_IMPLEMENTATIONS = YES;
				CLANG_WARN_DIRECT_OBJC_ISA_USAGE = YES_ERROR;
				CLANG_WARN_DOCUMENTATION_COMMENTS = YES;
				CLANG_WARN_EMPTY_BODY = YES;
				CLANG_WARN_ENUM_CONVERSION = YES;
				CLANG_WARN_INFINITE_RECURSION = YES;
				CLANG_WARN_INT_CONVERSION = YES;
				CLANG_WARN_NON_LITERAL_NULL_CONVERSION = YES;
				CLANG_WARN_OBJC_IMPLICIT_RETAIN_SELF = YES;
				CLANG_WARN_OBJC_LITERAL_CONVERSION = YES;
				CLANG_WARN_OBJC_ROOT_CLASS = YES_ERROR;
				CLANG_WARN_QUOTED_INCLUDE_IN_FRAMEWORK_HEADER = YES;
				CLANG_WARN_RANGE_LOOP_ANALYSIS = YES;
				CLANG_WARN_STRICT_PROTOTYPES = YES;
				CLANG_WARN_SUSPICIOUS_MOVE = YES;
				CLANG_WARN_UNGUARDED_AVAILABILITY = YES_AGGRESSIVE;
				CLANG_WARN_UNREACHABLE_CODE = YES;
				CLANG_WARN__DUPLICATE_METHOD_MATCH = YES;
				COPY_PHASE_STRIP = NO;
				DEBUG_INFORMATION_FORMAT = dwarf;
				ENABLE_STRICT_OBJC_MSGSEND = YES;
				ENABLE_TESTABILITY = YES;
				GCC_C_LANGUAGE_STANDARD = gnu11;
				GCC_DYNAMIC_NO_PIC = NO;
				GCC_NO_COMMON_BLOCKS = YES;
				GCC_OPTIMIZATION_LEVEL = 0;
				GCC_PREPROCESSOR_DEFINITIONS = (
					"DEBUG=1",
					"$(inherited)",
				);
				GCC_WARN_64_TO_32_BIT_CONVERSION = YES;
				GCC_WARN_ABOUT_RETURN_TYPE = YES_ERROR;
				GCC_WARN_UNDECLARED_SELECTOR = YES;
				GCC_WARN_UNINITIALIZED_AUTOS = YES_AGGRESSIVE;
				GCC_WARN_UNUSED_FUNCTION = YES;
				GCC_WARN_UNUSED_VARIABLE = YES;
				IPHONEOS_DEPLOYMENT_TARGET = 14.5;
				MTL_ENABLE_DEBUG_INFO = INCLUDE_SOURCE;
				MTL_FAST_MATH = YES;
				ONLY_ACTIVE_ARCH = YES;
				SDKROOT = iphoneos;
				SWIFT_ACTIVE_COMPILATION_CONDITIONS = DEBUG;
				SWIFT_OPTIMIZATION_LEVEL = "-Onone";
			};
			name = Debug;
		};
		DF283E6826F3932300AC977B /* Release */ = {
			isa = XCBuildConfiguration;
			buildSettings = {
				ALWAYS_SEARCH_USER_PATHS = NO;
				CLANG_ANALYZER_NONNULL = YES;
				CLANG_ANALYZER_NUMBER_OBJECT_CONVERSION = YES_AGGRESSIVE;
				CLANG_CXX_LANGUAGE_STANDARD = "gnu++14";
				CLANG_CXX_LIBRARY = "libc++";
				CLANG_ENABLE_MODULES = YES;
				CLANG_ENABLE_OBJC_ARC = YES;
				CLANG_ENABLE_OBJC_WEAK = YES;
				CLANG_WARN_BLOCK_CAPTURE_AUTORELEASING = YES;
				CLANG_WARN_BOOL_CONVERSION = YES;
				CLANG_WARN_COMMA = YES;
				CLANG_WARN_CONSTANT_CONVERSION = YES;
				CLANG_WARN_DEPRECATED_OBJC_IMPLEMENTATIONS = YES;
				CLANG_WARN_DIRECT_OBJC_ISA_USAGE = YES_ERROR;
				CLANG_WARN_DOCUMENTATION_COMMENTS = YES;
				CLANG_WARN_EMPTY_BODY = YES;
				CLANG_WARN_ENUM_CONVERSION = YES;
				CLANG_WARN_INFINITE_RECURSION = YES;
				CLANG_WARN_INT_CONVERSION = YES;
				CLANG_WARN_NON_LITERAL_NULL_CONVERSION = YES;
				CLANG_WARN_OBJC_IMPLICIT_RETAIN_SELF = YES;
				CLANG_WARN_OBJC_LITERAL_CONVERSION = YES;
				CLANG_WARN_OBJC_ROOT_CLASS = YES_ERROR;
				CLANG_WARN_QUOTED_INCLUDE_IN_FRAMEWORK_HEADER = YES;
				CLANG_WARN_RANGE_LOOP_ANALYSIS = YES;
				CLANG_WARN_STRICT_PROTOTYPES = YES;
				CLANG_WARN_SUSPICIOUS_MOVE = YES;
				CLANG_WARN_UNGUARDED_AVAILABILITY = YES_AGGRESSIVE;
				CLANG_WARN_UNREACHABLE_CODE = YES;
				CLANG_WARN__DUPLICATE_METHOD_MATCH = YES;
				COPY_PHASE_STRIP = NO;
				DEBUG_INFORMATION_FORMAT = "dwarf-with-dsym";
				ENABLE_NS_ASSERTIONS = NO;
				ENABLE_STRICT_OBJC_MSGSEND = YES;
				GCC_C_LANGUAGE_STANDARD = gnu11;
				GCC_NO_COMMON_BLOCKS = YES;
				GCC_WARN_64_TO_32_BIT_CONVERSION = YES;
				GCC_WARN_ABOUT_RETURN_TYPE = YES_ERROR;
				GCC_WARN_UNDECLARED_SELECTOR = YES;
				GCC_WARN_UNINITIALIZED_AUTOS = YES_AGGRESSIVE;
				GCC_WARN_UNUSED_FUNCTION = YES;
				GCC_WARN_UNUSED_VARIABLE = YES;
				IPHONEOS_DEPLOYMENT_TARGET = 14.5;
				MTL_ENABLE_DEBUG_INFO = NO;
				MTL_FAST_MATH = YES;
				SDKROOT = iphoneos;
				SWIFT_COMPILATION_MODE = wholemodule;
				SWIFT_OPTIMIZATION_LEVEL = "-O";
				VALIDATE_PRODUCT = YES;
			};
			name = Release;
		};
		DF283E6A26F3932300AC977B /* Debug */ = {
			isa = XCBuildConfiguration;
			buildSettings = {
				ASSETCATALOG_COMPILER_APPICON_NAME = AppIcon;
				ASSETCATALOG_COMPILER_GLOBAL_ACCENT_COLOR_NAME = AccentColor;
				CODE_SIGN_STYLE = Automatic;
				DEVELOPMENT_TEAM = Y3H4VTG2FS;
				INFOPLIST_FILE = MultiSceneWithUserDefaultTest/Info.plist;
				LD_RUNPATH_SEARCH_PATHS = (
					"$(inherited)",
					"@executable_path/Frameworks",
				);
				PRODUCT_BUNDLE_IDENTIFIER = turu.MultiSceneWithUserDefaultTest;
				PRODUCT_NAME = "$(TARGET_NAME)";
				SWIFT_VERSION = 5.0;
				TARGETED_DEVICE_FAMILY = 2;
			};
			name = Debug;
		};
		DF283E6B26F3932300AC977B /* Release */ = {
			isa = XCBuildConfiguration;
			buildSettings = {
				ASSETCATALOG_COMPILER_APPICON_NAME = AppIcon;
				ASSETCATALOG_COMPILER_GLOBAL_ACCENT_COLOR_NAME = AccentColor;
				CODE_SIGN_STYLE = Automatic;
				DEVELOPMENT_TEAM = Y3H4VTG2FS;
				INFOPLIST_FILE = MultiSceneWithUserDefaultTest/Info.plist;
				LD_RUNPATH_SEARCH_PATHS = (
					"$(inherited)",
					"@executable_path/Frameworks",
				);
				PRODUCT_BUNDLE_IDENTIFIER = turu.MultiSceneWithUserDefaultTest;
				PRODUCT_NAME = "$(TARGET_NAME)";
				SWIFT_VERSION = 5.0;
				TARGETED_DEVICE_FAMILY = 2;
			};
			name = Release;
		};
/* End XCBuildConfiguration section */

/* Begin XCConfigurationList section */
		DF283E5026F3932100AC977B /* Build configuration list for PBXProject "MultiSceneWithUserDefaultTest" */ = {
			isa = XCConfigurationList;
			buildConfigurations = (
				DF283E6726F3932300AC977B /* Debug */,
				DF283E6826F3932300AC977B /* Release */,
			);
			defaultConfigurationIsVisible = 0;
			defaultConfigurationName = Release;
		};
		DF283E6926F3932300AC977B /* Build configuration list for PBXNativeTarget "MultiSceneWithUserDefaultTest" */ = {
			isa = XCConfigurationList;
			buildConfigurations = (
				DF283E6A26F3932300AC977B /* Debug */,
				DF283E6B26F3932300AC977B /* Release */,
			);
			defaultConfigurationIsVisible = 0;
			defaultConfigurationName = Release;
		};
/* End XCConfigurationList section */
	};
	rootObject = DF283E4D26F3932100AC977B /* Project object */;
}
